{
  "name": "my-app",
  "version": "1.0.0",
  "lockfileVersion": 2,
  "requires": true,
  "packages": {
    "": {
      "version": "1.0.0",
      "license": "ISC",
      "dependencies": {
        "@awwmicky/url-query-params": "^1.0.0"
      }
    },
    "node_modules/@awwmicky/url-query-params": {
      "version": "1.0.0",
      "resolved": "https://registry.npmjs.org/@awwmicky/url-query-params/-/url-query-params-1.0.0.tgz",
      "integrity": "sha512-dfT+WuEXl3WxmxVCC7WLEjD+6aObR7SdK8oyRgkLgmhHBcw4ZUxhfT/bBDjwEa1MU43L0U0HCmD7v2+6BvJszA=="
    }
  },
  "dependencies": {
    "@awwmicky/url-query-params": {
      "version": "1.0.0",
      "resolved": "https://registry.npmjs.org/@awwmicky/url-query-params/-/url-query-params-1.0.0.tgz",
      "integrity": "sha512-dfT+WuEXl3WxmxVCC7WLEjD+6aObR7SdK8oyRgkLgmhHBcw4ZUxhfT/bBDjwEa1MU43L0U0HCmD7v2+6BvJszA=="
    }
  }
}
